
Microsoft Visual Studio Solution File, Format Version 12.00
# Visual Studio Version 17
VisualStudioVersion = 17.11.35222.181
MinimumVisualStudioVersion = 10.0.40219.1
Project("{FAE04EC0-301F-11D3-BF4B-00C04F79EFBC}") = "NetHookTD", "NetHookTD\NetHookTD.csproj", "{82E97DF3-6072-4597-B49A-08A20DF03339}"
EndProject
Project("{FAE04EC0-301F-11D3-BF4B-00C04F79EFBC}") = "NetHookTDTest", "NetHookTDTest\NetHookTDTest.csproj", "{461AE94A-AF34-496C-9CB4-D62190027E36}"
EndProject
Global
	GlobalSection(SolutionConfigurationPlatforms) = preSolution
		Debug|x86 = Debug|x86
		Release|x86 = Release|x86
	EndGlobalSection
	GlobalSection(ProjectConfigurationPlatforms) = postSolution
		{82E97DF3-6072-4597-B49A-08A20DF03339}.Debug|x86.ActiveCfg = Debug|x86
		{82E97DF3-6072-4597-B49A-08A20DF03339}.Debug|x86.Build.0 = Debug|x86
		{82E97DF3-6072-4597-B49A-08A20DF03339}.Release|x86.ActiveCfg = Release|x86
		{82E97DF3-6072-4597-B49A-08A20DF03339}.Release|x86.Build.0 = Release|x86
		{461AE94A-AF34-496C-9CB4-D62190027E36}.Debug|x86.ActiveCfg = Debug|x86
		{461AE94A-AF34-496C-9CB4-D62190027E36}.Debug|x86.Build.0 = Debug|x86
		{461AE94A-AF34-496C-9CB4-D62190027E36}.Release|x86.ActiveCfg = Release|x86
		{461AE94A-AF34-496C-9CB4-D62190027E36}.Release|x86.Build.0 = Release|x86
	EndGlobalSection
	GlobalSection(SolutionProperties) = preSolution
		HideSolutionNode = FALSE
	EndGlobalSection
	GlobalSection(ExtensibilityGlobals) = postSolution
		SolutionGuid = {DD16564C-4CCE-4763-8067-6F8914553A9A}
	EndGlobalSection
EndGlobal
